
Microsoft Visual Studio Solution File, Format Version 12.00
# Visual Studio Version 16
VisualStudioVersion = 16.0.30406.217
MinimumVisualStudioVersion = 10.0.40219.1
Project("{FAE04EC0-301F-11D3-BF4B-00C04F79EFBC}") = "CG_N3", "CG_N3.csproj", "{DFC305EA-1A38-4E2F-8C5C-2162440E47AD}"
EndProject
Project("{FAE04EC0-301F-11D3-BF4B-00C04F79EFBC}") = "CG_Biblioteca", "..\..\CG_Biblioteca\CG_Biblioteca.csproj", "{783F45B5-5BDA-4692-AF1D-C08EB904352F}"
EndProject
Global
	GlobalSection(SolutionConfigurationPlatforms) = preSolution
		Debug|Any CPU = Debug|Any CPU
		Release|Any CPU = Release|Any CPU
	EndGlobalSection
	GlobalSection(ProjectConfigurationPlatforms) = postSolution
		{DFC305EA-1A38-4E2F-8C5C-2162440E47AD}.Debug|Any CPU.ActiveCfg = Debug|Any CPU
		{DFC305EA-1A38-4E2F-8C5C-2162440E47AD}.Debug|Any CPU.Build.0 = Debug|Any CPU
		{DFC305EA-1A38-4E2F-8C5C-2162440E47AD}.Release|Any CPU.ActiveCfg = Release|Any CPU
		{DFC305EA-1A38-4E2F-8C5C-2162440E47AD}.Release|Any CPU.Build.0 = Release|Any CPU
		{783F45B5-5BDA-4692-AF1D-C08EB904352F}.Debug|Any CPU.ActiveCfg = Debug|Any CPU
		{783F45B5-5BDA-4692-AF1D-C08EB904352F}.Debug|Any CPU.Build.0 = Debug|Any CPU
		{783F45B5-5BDA-4692-AF1D-C08EB904352F}.Release|Any CPU.ActiveCfg = Release|Any CPU
		{783F45B5-5BDA-4692-AF1D-C08EB904352F}.Release|Any CPU.Build.0 = Release|Any CPU
	EndGlobalSection
	GlobalSection(SolutionProperties) = preSolution
		HideSolutionNode = FALSE
	EndGlobalSection
	GlobalSection(ExtensibilityGlobals) = postSolution
		SolutionGuid = {BB0177FE-28B5-41F7-8174-0FDB49CBE274}
	EndGlobalSection
EndGlobal
